# Auto-generated by dotagents. Do not edit.
version = 1

[skills.adaptive-code-review]
source = "tlabs-xyz/skills"
resolved_url = "https://github.com/tlabs-xyz/skills"
resolved_path = ".agents/skills/adaptive-code-review"

[skills.agents-md]
source = "tlabs-xyz/skills"
resolved_url = "https://github.com/tlabs-xyz/skills"
resolved_path = ".agents/skills/agents-md"

[skills.arbiter]
source = "tlabs-xyz/skills"
resolved_url = "https://github.com/tlabs-xyz/skills"
resolved_path = ".agents/skills/arbiter"

[skills.ask-questions-if-underspecified]
source = "tlabs-xyz/skills"
resolved_url = "https://github.com/tlabs-xyz/skills"
resolved_path = "plugins/trailofbits-skills/skills/ask-questions-if-underspecified"

[skills.audit-context-building]
source = "tlabs-xyz/skills"
resolved_url = "https://github.com/tlabs-xyz/skills"
resolved_path = "plugins/trailofbits-skills/skills/audit-context-building"

[skills.blog-writing-guide]
source = "tlabs-xyz/skills"
resolved_url = "https://github.com/tlabs-xyz/skills"
resolved_path = ".agents/skills/blog-writing-guide"

[skills.brand-guidelines]
source = "tlabs-xyz/skills"
resolved_url = "https://github.com/tlabs-xyz/skills"
resolved_path = ".agents/skills/brand-guidelines"

[skills.claude-settings-audit]
source = "tlabs-xyz/skills"
resolved_url = "https://github.com/tlabs-xyz/skills"
resolved_path = ".agents/skills/claude-settings-audit"

[skills.code-review]
source = "tlabs-xyz/skills"
resolved_url = "https://github.com/tlabs-xyz/skills"
resolved_path = ".agents/skills/code-review"

[skills.code-simplifier]
source = "tlabs-xyz/skills"
resolved_url = "https://github.com/tlabs-xyz/skills"
resolved_path = ".agents/skills/code-simplifier"

[skills.commit]
source = "tlabs-xyz/skills"
resolved_url = "https://github.com/tlabs-xyz/skills"
resolved_path = ".agents/skills/commit"

[skills.constant-time-analysis]
source = "tlabs-xyz/skills"
resolved_url = "https://github.com/tlabs-xyz/skills"
resolved_path = "plugins/trailofbits-skills/skills/constant-time-analysis"

[skills.create-pr]
source = "tlabs-xyz/skills"
resolved_url = "https://github.com/tlabs-xyz/skills"
resolved_path = ".agents/skills/create-pr"

[skills.detect-coderabbit-cli]
source = "tlabs-xyz/skills"
resolved_url = "https://github.com/tlabs-xyz/skills"
resolved_path = ".agents/skills/detect-coderabbit-cli"

[skills.devcontainer-setup]
source = "tlabs-xyz/skills"
resolved_url = "https://github.com/tlabs-xyz/skills"
resolved_path = "plugins/trailofbits-skills/skills/devcontainer-setup"

[skills.differential-review]
source = "tlabs-xyz/skills"
resolved_url = "https://github.com/tlabs-xyz/skills"
resolved_path = "plugins/trailofbits-skills/skills/differential-review"

[skills.doc-coauthoring]
source = "tlabs-xyz/skills"
resolved_url = "https://github.com/tlabs-xyz/skills"
resolved_path = ".agents/skills/doc-coauthoring"

[skills.dotagents]
source = "getsentry/dotagents"
resolved_url = "https://github.com/getsentry/dotagents"
resolved_path = "skills/dotagents"

[skills.find-bugs]
source = "tlabs-xyz/skills"
resolved_url = "https://github.com/tlabs-xyz/skills"
resolved_path = ".agents/skills/find-bugs"

[skills.gh-cli]
source = "tlabs-xyz/skills"
resolved_url = "https://github.com/tlabs-xyz/skills"
resolved_path = "plugins/trailofbits-skills/skills/gh-cli"

[skills.gh-review-requests]
source = "tlabs-xyz/skills"
resolved_url = "https://github.com/tlabs-xyz/skills"
resolved_path = ".agents/skills/gh-review-requests"

[skills.git-cleanup]
source = "tlabs-xyz/skills"
resolved_url = "https://github.com/tlabs-xyz/skills"
resolved_path = "plugins/trailofbits-skills/skills/git-cleanup"

[skills.insecure-defaults]
source = "tlabs-xyz/skills"
resolved_url = "https://github.com/tlabs-xyz/skills"
resolved_path = "plugins/trailofbits-skills/skills/insecure-defaults"

[skills.iterate-pr]
source = "tlabs-xyz/skills"
resolved_url = "https://github.com/tlabs-xyz/skills"
resolved_path = ".agents/skills/iterate-pr"

[skills.linear-github-sync]
source = "tlabs-xyz/skills"
resolved_url = "https://github.com/tlabs-xyz/skills"
resolved_path = ".agents/skills/linear-github-sync"

[skills.modern-python]
source = "tlabs-xyz/skills"
resolved_url = "https://github.com/tlabs-xyz/skills"
resolved_path = "plugins/trailofbits-skills/skills/modern-python"

[skills.monethic-maia]
source = "tlabs-xyz/skills"
resolved_url = "https://github.com/tlabs-xyz/skills"
resolved_path = "plugins/monethic-skills/skills/monethic-maia"

[skills.ov-add-data]
source = "tlabs-xyz/skills"
resolved_url = "https://github.com/tlabs-xyz/skills"
resolved_path = "plugins/openviking-skills/skills/ov-add-data"

[skills.ov-search-context]
source = "tlabs-xyz/skills"
resolved_url = "https://github.com/tlabs-xyz/skills"
resolved_path = "plugins/openviking-skills/skills/ov-search-context"

[skills.property-based-testing]
source = "tlabs-xyz/skills"
resolved_url = "https://github.com/tlabs-xyz/skills"
resolved_path = "plugins/trailofbits-skills/skills/property-based-testing"

[skills.second-opinion]
source = "tlabs-xyz/skills"
resolved_url = "https://github.com/tlabs-xyz/skills"
resolved_path = "plugins/trailofbits-skills/skills/second-opinion"

[skills.security-review]
source = "tlabs-xyz/skills"
resolved_url = "https://github.com/tlabs-xyz/skills"
resolved_path = ".agents/skills/security-review"

[skills.semgrep-rule-creator]
source = "tlabs-xyz/skills"
resolved_url = "https://github.com/tlabs-xyz/skills"
resolved_path = "plugins/trailofbits-skills/skills/semgrep-rule-creator"

[skills.semgrep-rule-variant-creator]
source = "tlabs-xyz/skills"
resolved_url = "https://github.com/tlabs-xyz/skills"
resolved_path = "plugins/trailofbits-skills/skills/semgrep-rule-variant-creator"

[skills.sharp-edges]
source = "tlabs-xyz/skills"
resolved_url = "https://github.com/tlabs-xyz/skills"
resolved_path = "plugins/trailofbits-skills/skills/sharp-edges"

[skills.skill-creator]
source = "tlabs-xyz/skills"
resolved_url = "https://github.com/tlabs-xyz/skills"
resolved_path = ".agents/skills/skill-creator"

[skills.skill-scanner]
source = "tlabs-xyz/skills"
resolved_url = "https://github.com/tlabs-xyz/skills"
resolved_path = ".agents/skills/skill-scanner"

[skills.spec-to-code-compliance]
source = "tlabs-xyz/skills"
resolved_url = "https://github.com/tlabs-xyz/skills"
resolved_path = "plugins/trailofbits-skills/skills/spec-to-code-compliance"

[skills.sred-project-organizer]
source = "tlabs-xyz/skills"
resolved_url = "https://github.com/tlabs-xyz/skills"
resolved_path = ".agents/skills/sred-project-organizer"

[skills.sred-work-summary]
source = "tlabs-xyz/skills"
resolved_url = "https://github.com/tlabs-xyz/skills"
resolved_path = ".agents/skills/sred-work-summary"

[skills.static-analysis]
source = "tlabs-xyz/skills"
resolved_url = "https://github.com/tlabs-xyz/skills"
resolved_path = "plugins/trailofbits-skills/skills/static-analysis"

[skills.testing-handbook-skills]
source = "tlabs-xyz/skills"
resolved_url = "https://github.com/tlabs-xyz/skills"
resolved_path = "plugins/trailofbits-skills/skills/testing-handbook-skills"

[skills.tlabs-context]
source = "tlabs-xyz/skills"
resolved_url = "https://github.com/tlabs-xyz/skills"
resolved_path = ".agents/skills/tlabs-context"

[skills.variant-analysis]
source = "tlabs-xyz/skills"
resolved_url = "https://github.com/tlabs-xyz/skills"
resolved_path = "plugins/trailofbits-skills/skills/variant-analysis"

[skills.vercel-react-best-practices]
source = "tlabs-xyz/skills"
resolved_url = "https://github.com/tlabs-xyz/skills"
resolved_path = "plugins/vercel-skills/skills/vercel-react-best-practices"

[skills.warden-cost-optimization]
source = "tlabs-xyz/skills"
resolved_url = "https://github.com/tlabs-xyz/skills"
resolved_path = ".agents/skills/warden-cost-optimization"

[skills.warden-review]
source = "tlabs-xyz/skills"
resolved_url = "https://github.com/tlabs-xyz/skills"
resolved_path = ".agents/skills/warden-review"

[skills.web-design-guidelines]
source = "tlabs-xyz/skills"
resolved_url = "https://github.com/tlabs-xyz/skills"
resolved_path = "plugins/vercel-skills/skills/web-design-guidelines"
